version = 1
revision = 3
requires-python = ">=3.12"
resolution-markers = [
    "python_full_version >= '3.14' and sys_platform == 'win32'",
    "python_full_version >= '3.14' and sys_platform == 'emscripten'",
    "python_full_version >= '3.14' and sys_platform != 'emscripten' and sys_platform != 'win32'",
    "python_full_version < '3.14' and sys_platform == 'win32'",
    "python_full_version < '3.14' and sys_platform == 'emscripten'",
    "python_full_version < '3.14' and sys_platform != 'emscripten' and sys_platform != 'win32'",
]

[[package]]
name = "babel"
version = "2.8.0"
source = { registry = "https://pypi.org/simple" }
dependencies = [
    { name = "pytz" },
]
sdist = { url = "https://files.pythonhosted.org/packages/34/18/8706cfa5b2c73f5a549fdc0ef2e24db71812a2685959cff31cbdfc010136/Babel-2.8.0.tar.gz", hash = "sha256:1aac2ae2d0d8ea368fa90906567f5c08463d98ade155c0c4bfedd6a0f7160e38", size = 8444381, upload-time = "2019-12-31T12:42:10.038Z" }
wheels = [
    { url = "https://files.pythonhosted.org/packages/15/a1/522dccd23e5d2e47aed4b6a16795b8213e3272c7506e625f2425ad025a19/Babel-2.8.0-py2.py3-none-any.whl", hash = "sha256:d670ea0b10f8b723672d3a6abeb87b565b244da220d76b4dba1b66269ec152d4", size = 8608706, upload-time = "2019-12-31T12:41:07.733Z" },
]

[[package]]
name = "ner-booking-process"
version = "0.1.0"
source = { virtual = "." }
dependencies = [
    { name = "numpy" },
    { name = "pandas" },
    { name = "six" },
    { name = "tkcalendar" },
    { name = "xlsxwriter" },
]

[package.metadata]
requires-dist = [
    { name = "numpy", specifier = ">=2.0" },
    { name = "pandas", specifier = ">=2.2" },
    { name = "six", specifier = ">=1.17" },
    { name = "tkcalendar", specifier = ">=1.6.1" },
    { name = "xlsxwriter", specifier = ">=3.2" },
]

[[package]]
name = "numpy"
version = "2.5.2"
source = { registry = "https://pypi.org/simple" }
sdist = { url = "https://files.pythonhosted.org/packages/9a/80/db0b4559e57ec36362bedbb05530a87fafbcb6067708c946967a41d449e7/numpy-2.5.2.tar.gz", hash = "sha256:d482d171c406ae88c5b19cad3b6a1c4c5209f886ab74bc44c2c865c23f52d860", size = 20773161, upload-time = "2026-08-09T13:48:27.962Z" }
wheels = [
    { url = "https://files.pythonhosted.org/packages/69/72/dccb0aaf40972777283303919f613964227266d0c13adebb79ac124f1c3e/numpy-2.5.2-cp312-cp312-macosx_10_13_x86_64.whl", hash = "sha256:14e373cfc6387177e8409dac3c7159be8eb05cd77096cd7c950268b86f62831c", size = 16891693, upload-time = "2026-08-09T13:44:51.702Z" },
    { url = "https://files.pythonhosted.org/packages/60/2e/b5aee50a1f74ac815cf8331812cb8251e29024025de462e0c047641c614c/numpy-2.5.2-cp312-cp312-macosx_11_0_arm64.whl", hash = "sha256:4bbd96c833ecc8cc069ce518078fc8c60cb9cbfb0fea5b7a803ad65035596d03", size = 11903109, upload-time = "2026-08-09T13:44:55.501Z" },
    { url = "https://files.pythonhosted.org/packages/f3/f4/29e78102a80601cf034d4e9767022cffeca2c3b4c926e1754572ca95593d/numpy-2.5.2-cp312-cp312-macosx_14_0_arm64.whl", hash = "sha256:6e8172ddfcf5cf74b811d372b570b83c60bd2de87a6fbfbebdadb4a9bd9c6cbb", size = 5350202, upload-time = "2026-08-09T13:44:58.401Z" },
    { url = "https://files.pythonhosted.org/packages/11/4b/dcd3b7eadaf4035d2c7a4289d232523a6964f602598ef7674e4bd7291f93/numpy-2.5.2-cp312-cp312-macosx_14_0_x86_64.whl", hash = "sha256:65f188481f1669e26f62b701e8205d19e460fa4a9b52a1414ba382330e4a3414", size = 6687736, upload-time = "2026-08-09T13:45:00.813Z" },
    { url = "https://files.pythonhosted.org/packages/e5/21/4947e0e9d6c9fc2e2ff15b8949049ee44f63adb9cacc729ab8793f97e712/numpy-2.5.2-cp312-cp312-manylinux_2_27_aarch64.manylinux_2_28_aarch64.whl", hash = "sha256:8ee9c4eeb8454b3660a8b53493563c3e121c2fc94fbd72b848ef814ed7b676a9", size = 15612696, upload-time = "2026-08-09T13:45:04.151Z" },
    { url = "https://files.pythonhosted.org/packages/3a/5f/62d28cf019460c7f1394105b4d49d9911a9c444cb77ab0bd95a204c5a6de/numpy-2.5.2-cp312-cp312-manylinux_2_27_x86_64.manylinux_2_28_x86_64.whl", hash = "sha256:3cdec01fa790a186d430433fdd4d4ffb70eed6f0eeb4bf05c8dbe2dce0a9bcb8", size = 16722264, upload-time = "2026-08-09T13:45:07.714Z" },
    { url = "https://files.pythonhosted.org/packages/14/25/3f0be4c1b9fdf5dd5e708a6806978564d7c46a055c000496309ff2a2f8af/numpy-2.5.2-cp312-cp312-musllinux_1_2_aarch64.whl", hash = "sha256:7999d4ddb0c4025018373fd787510d46e04c769467af22869707b3c1cfd459ab", size = 16974396, upload-time = "2026-08-09T13:45:11.316Z" },
    { url = "https://files.pythonhosted.org/packages/22/72/6262cbdeeb45da9d971e40715f579d791603ba8ec0b5e2db1ac55454421d/numpy-2.5.2-cp312-cp312-musllinux_1_2_x86_64.whl", hash = "sha256:c1f017dc0875c9209d219f97feceb7d54c2661bb243deb4114478e1295808af7", size = 18476044, upload-time = "2026-08-09T13:45:14.869Z" },
    { url = "https://files.pythonhosted.org/packages/36/33/29208b8b075bde62d26a81d14b358c42b0f69b6cabd98d4ff97f37f22b05/numpy-2.5.2-cp312-cp312-win32.whl", hash = "sha256:d6a48072864e3324e194a8fbb3c657bcc5b5c869dbc64c9537b1d5c862572c0a", size = 6072817, upload-time = "2026-08-09T13:45:17.867Z" },
    { url = "https://files.pythonhosted.org/packages/7f/b9/87fea2769fe1c47c1b5b01d8310772c9d1a85d485de7cf386ef7a3332b02/numpy-2.5.2-cp312-cp312-win_amd64.whl", hash = "sha256:28ac63476ec7651484215ee7fa15a1f78b57c14621f01e392afe17b9a1390ce4", size = 12464674, upload-time = "2026-08-09T13:45:20.734Z" },
    { url = "https://files.pythonhosted.org/packages/14/52/032b97e00461ab0809bbe4c588b035620e5a14b8cdee47ecddefc7b17d33/numpy-2.5.2-cp312-cp312-win_arm64.whl", hash = "sha256:27650bb0e7140fa3d37b9923b4803645e0b125d190f326eecfd3f4dad8e8ade1", size = 10397131, upload-time = "2026-08-09T13:45:23.73Z" },
    { url = "https://files.pythonhosted.org/packages/f5/d2/6b24738a0ef4557d189b150046cd07823c50e4273e8aebd651222e24306f/numpy-2.5.2-cp313-cp313-macosx_10_13_x86_64.whl", hash = "sha256:8e4cb9a754c8a0c62eaa88273a5fba3391f4a610d1dee893c0755da31c083f15", size = 16886595, upload-time = "2026-08-09T13:45:27.323Z" },
    { url = "https://files.pythonhosted.org/packages/65/60/f2d208d366f263f39c6e69ed309290717aab41078b6d04c9be2a84fa2a07/numpy-2.5.2-cp313-cp313-macosx_11_0_arm64.whl", hash = "sha256:52c808f96484f5571a5cc863775ce50247c17dfb3b0361f8ed6b4b0456f80080", size = 11896845, upload-time = "2026-08-09T13:45:31.638Z" },
    { url = "https://files.pythonhosted.org/packages/3c/79/81e0bf24f4d020a2b1d5cd297a9f60c3f24eeb116f9bba5870443f7b6a4a/numpy-2.5.2-cp313-cp313-macosx_14_0_arm64.whl", hash = "sha256:29d81e97f668489cba8ebfd796b9bdd453525d35dd9e162e2daec94bf3fc7740", size = 5343880, upload-time = "2026-08-09T13:45:34.373Z" },
    { url = "https://files.pythonhosted.org/packages/ba/cc/e3141cf06d1a8a2c7e107543fe1269c1d1af760d4d683c0794a4ee1127c2/numpy-2.5.2-cp313-cp313-macosx_14_0_x86_64.whl", hash = "sha256:afb3f0632d6b2e3ba04dbce8d1e48d321b369138b73830b5ca371a0e8d479d56", size = 6682264, upload-time = "2026-08-09T13:45:36.7Z" },
    { url = "https://files.pythonhosted.org/packages/29/f1/2a64a307d92c5d98f5255a4014eb43bb6103ee477087b61ecae44a3aa9b9/numpy-2.5.2-cp313-cp313-manylinux_2_27_aarch64.manylinux_2_28_aarch64.whl", hash = "sha256:0aadf13b60048d501e05fa699efaf7734e2494f3498a4c2a5521d822640324f3", size = 15609566, upload-time = "2026-08-09T13:45:39.518Z" },
    { url = "https://files.pythonhosted.org/packages/7b/44/59a1eb68e773c4098d107ef34a0dbdeca501d72ffcfbff9a7707343921ce/numpy-2.5.2-cp313-cp313-manylinux_2_27_x86_64.manylinux_2_28_x86_64.whl", hash = "sha256:29b86ff8a6cc556b47ec6b64b194815cc80e6bf5eedcc6cddfd65318cb0b4eee", size = 16709995, upload-time = "2026-08-09T13:45:43.661Z" },
    { url = "https://files.pythonhosted.org/packages/8a/4c/3e54d4ddbc359a1295f8b633e8106bcd4d7d4a206e82df051bdfb3058755/numpy-2.5.2-cp313-cp313-musllinux_1_2_aarch64.whl", hash = "sha256:6950c4b7dd562453090548ba7f5da7e59f57f85663f15d5dcc60e249192f7e59", size = 16972511, upload-time = "2026-08-09T13:45:47.094Z" },
    { url = "https://files.pythonhosted.org/packages/f2/9f/02e371638ebf19b66d46231e4be52999e87f32d1961b113bc45656608b22/numpy-2.5.2-cp313-cp313-musllinux_1_2_x86_64.whl", hash = "sha256:b9727f472d2f3888053b8a75ab0cb94745a9de224bb5846dbadc0092101bc71d", size = 18465609, upload-time = "2026-08-09T13:45:50.808Z" },
    { url = "https://files.pythonhosted.org/packages/eb/ae/ad6645abc7a3510fe48e8ea1ab4598166f500057ef4ebf38bfad4f1577de/numpy-2.5.2-cp313-cp313-win32.whl", hash = "sha256:4f9744f9fbdcea0bc552e8f19e1f141f811a3f9bc2be2cc6e86d982cab23e3f4", size = 6070204, upload-time = "2026-08-09T13:45:54.111Z" },
    { url = "https://files.pythonhosted.org/packages/15/20/f3489f86d81ea460b2bcdceaed094142ca6579f6be0ec527b781d39afe68/numpy-2.5.2-cp313-cp313-win_amd64.whl", hash = "sha256:85aaccb24182c25df891ad0ec333585967e115269d5f1b17f2c9ae005bc96657", size = 12460532, upload-time = "2026-08-09T13:45:57.167Z" },
    { url = "https://files.pythonhosted.org/packages/d5/21/35b31dde1b283b79de828b80f876afd8c94e28fe1e9c375f89e261cc4c0d/numpy-2.5.2-cp313-cp313-win_arm64.whl", hash = "sha256:bd68ece1553d2023c09a4226d9e41c586ad2d20594d1a456186c33513d2cb3f2", size = 10396725, upload-time = "2026-08-09T13:46:00.478Z" },
    { url = "https://files.pythonhosted.org/packages/ac/f8/c3b222bf075b50afd8e949a07a15c4b312a4a84bd8102a332bcd953cbbb4/numpy-2.5.2-cp314-cp314-macosx_10_15_x86_64.whl", hash = "sha256:d787cf769c3baeb5f6235e778edb52c08dfa923789b5958f28e6450f96107cb1", size = 16885180, upload-time = "2026-08-09T13:46:03.939Z" },
    { url = "https://files.pythonhosted.org/packages/17/e1/2c1d4b1987795a92b5bbf7c24fe249ab96aa2573ab0d7604802c189d7b86/numpy-2.5.2-cp314-cp314-macosx_11_0_arm64.whl", hash = "sha256:24b9dc2e3d84aa58523798805194e23e736f3f6ce2d1a5b92583ae734e6dbda8", size = 11907878, upload-time = "2026-08-09T13:46:07.045Z" },
    { url = "https://files.pythonhosted.org/packages/b9/ee/d08226fc858044355983a6e5b94f08ff6f3969e0a2b160a4a89f0ddb3445/numpy-2.5.2-cp314-cp314-macosx_14_0_arm64.whl", hash = "sha256:9e9413326d726c2545bfa65d2c0876871e8d8386e77f992c1d426e180bbd4323", size = 5354922, upload-time = "2026-08-09T13:46:10.04Z" },
    { url = "https://files.pythonhosted.org/packages/94/f0/6d3d933056440ebbc5e6bad92065fc6c26a48a84a36b1208580e94eea76c/numpy-2.5.2-cp314-cp314-macosx_14_0_x86_64.whl", hash = "sha256:60e902ac295855348a5ca2ea4c89108989a9f5fddfad3dfc0a8f36b10358567e", size = 6679168, upload-time = "2026-08-09T13:46:12.275Z" },
    { url = "https://files.pythonhosted.org/packages/c4/3b/ecd49dd90033cceb2704d88ca905d4d7d89b0e8c739608754ffd325fa820/numpy-2.5.2-cp314-cp314-manylinux_2_27_aarch64.manylinux_2_28_aarch64.whl", hash = "sha256:50e500dc868e9313530ce12ba470fe50ff3afe3d62993ed6eff652dacd555b65", size = 15624501, upload-time = "2026-08-09T13:46:15.322Z" },
    { url = "https://files.pythonhosted.org/packages/c7/99/461bd36dbdfac6c1c53efa370bd55a83227542d0d118f1677dbf1a3dacd5/numpy-2.5.2-cp314-cp314-manylinux_2_27_x86_64.manylinux_2_28_x86_64.whl", hash = "sha256:318b9a4c845dbea06708a29c84ee429cc3065048db34cdb799047643492050ee", size = 16713701, upload-time = "2026-08-09T13:46:18.949Z" },
    { url = "https://files.pythonhosted.org/packages/f9/9c/2b251df9e8a5d647b62b0cbc1b90a91850c1cf4859ecb532fd0b4eacff6c/numpy-2.5.2-cp314-cp314-musllinux_1_2_aarch64.whl", hash = "sha256:34c319e2963be042673fb46570501b2f06c41924e17e3563d58646b4380dfb68", size = 16986065, upload-time = "2026-08-09T13:46:23.006Z" },
    { url = "https://files.pythonhosted.org/packages/8f/25/20de43f53ff1390534a124475055a19f01fe10c920a0fd11b8e18d6d6052/numpy-2.5.2-cp314-cp314-musllinux_1_2_x86_64.whl", hash = "sha256:f06571a052127dc1b4e8b83029b4d1b20daa2b64a31cdd181fc6bc774e9000eb", size = 18470031, upload-time = "2026-08-09T13:46:27.102Z" },
    { url = "https://files.pythonhosted.org/packages/56/5e/0c577ca308d6da5eb79b546ba10bbe5b60148192194e2da060913b1de4f1/numpy-2.5.2-cp314-cp314-win32.whl", hash = "sha256:2cc779226e476d1e1f08c74068c419e60f41a9e0e069c92f6671d31d5c985e98", size = 6121028, upload-time = "2026-08-09T13:46:30.046Z" },
    { url = "https://files.pythonhosted.org/packages/15/5c/7bcbd5b11f94199073320410cddcbb80cee62415bfeb540874b265c2d922/numpy-2.5.2-cp314-cp314-win_amd64.whl", hash = "sha256:7587f53dfbd5edc0f7b87c6217b4c6d2d1f2ef9c3da70bc1315e7db5f8d7ec9d", size = 12597627, upload-time = "2026-08-09T13:46:32.886Z" },
    { url = "https://files.pythonhosted.org/packages/87/bc/4d0b06fba0da90ccc75af62823cb9dcedb6c9ea0cffa058cb2c9ee773a77/numpy-2.5.2-cp314-cp314-win_arm64.whl", hash = "sha256:3e4c367352d3747784248a227fbec218e193b56f7e6692e3b64fc805478ecfdf", size = 10680414, upload-time = "2026-08-09T13:46:36.036Z" },
    { url = "https://files.pythonhosted.org/packages/cd/17/f429aac9dc08833a0d0f188eba38c532a751b1a1f2ca6018a37b455cb321/numpy-2.5.2-cp314-cp314t-macosx_11_0_arm64.whl", hash = "sha256:b879fb674276e331513fb136b78dbc6bd3c848309e0d841cfd63be3896c4cfc1", size = 12026967, upload-time = "2026-08-09T13:46:39.084Z" },
    { url = "https://files.pythonhosted.org/packages/ca/9f/d0849de96a2a4ceaa16662f18ee13eaa9c0aa418269fdc8c4857c56b11da/numpy-2.5.2-cp314-cp314t-macosx_14_0_arm64.whl", hash = "sha256:fd0d703772bba096843785bd38371e31bb4a0c1151497ad5739d182114a73f7f", size = 5473874, upload-time = "2026-08-09T13:46:42.075Z" },
    { url = "https://files.pythonhosted.org/packages/89/3c/8df216d4a4a5422a3de045301cf7df8ea47286d76f5cb7160b0128ac26b7/numpy-2.5.2-cp314-cp314t-macosx_14_0_x86_64.whl", hash = "sha256:3a2f061cebd9e3d23bdcfaaded5e2293a4c6a5b60fa42df85d410a725ce621bf", size = 6789276, upload-time = "2026-08-09T13:46:44.387Z" },
    { url = "https://files.pythonhosted.org/packages/e6/3a/20d7e9891c4ddfadd6ff8d95bf4b29f353d8e1770553de2099880551dfb9/numpy-2.5.2-cp314-cp314t-manylinux_2_27_aarch64.manylinux_2_28_aarch64.whl", hash = "sha256:6df895598c0edcb41030126c89e0f353b07d93238116143b7405e937359736c4", size = 15659154, upload-time = "2026-08-09T13:46:47.538Z" },
    { url = "https://files.pythonhosted.org/packages/aa/d6/f3aa3d2688bf501b858835c6bd087ae9b51a56ae6fca8e2b0990abd177af/numpy-2.5.2-cp314-cp314t-manylinux_2_27_x86_64.manylinux_2_28_x86_64.whl", hash = "sha256:1ab3d4a901f844ea836c3e80bf463c6a27d7f3c14e8e292fcf28d348b25b9bce", size = 16748909, upload-time = "2026-08-09T13:46:51.442Z" },
    { url = "https://files.pythonhosted.org/packages/7d/8f/1c5cae8d2baf86ab802ae97a00be55bc7e21ebc11b12bbc33376c5f05342/numpy-2.5.2-cp314-cp314t-musllinux_1_2_aarch64.whl", hash = "sha256:cebc2d6dbb605a7703d59751dea4bd6b0ab127a5a4338a6f432df1936fef8b26", size = 17027685, upload-time = "2026-08-09T13:46:55.095Z" },
    { url = "https://files.pythonhosted.org/packages/5c/27/71d3467404aedc1c24ce79610f91b52b0b0f466c43a701aa56fc75c145ab/numpy-2.5.2-cp314-cp314t-musllinux_1_2_x86_64.whl", hash = "sha256:eaca7ff36f0f52e2111ec71f169d8fd3e889e7ddc0d2592e0d703fd8d3ce8fac", size = 18501181, upload-time = "2026-08-09T13:46:59.09Z" },
    { url = "https://files.pythonhosted.org/packages/14/2f/42921d27c40aea7e077f4a423ae509fd9220b028cd787bafefd8ab2b3a5f/numpy-2.5.2-cp314-cp314t-win32.whl", hash = "sha256:ddf47472af2e4280d79bac82304f5e80150211f1b9e614b760061d5fdfbb6eba", size = 6271085, upload-time = "2026-08-09T13:47:01.903Z" },
    { url = "https://files.pythonhosted.org/packages/75/e6/bad5f5d56de9b1971bac959963dda276d35c40f1854475005434bbe08692/numpy-2.5.2-cp314-cp314t-win_amd64.whl", hash = "sha256:44ef9675d908e65f9953063837c3277730f3f4437615a4cdab67b366cabaf884", size = 12787971, upload-time = "2026-08-09T13:47:04.963Z" },
    { url = "https://files.pythonhosted.org/packages/df/05/f608795cb34391acd67e38d94a3c36abd8d8576293a3a80727d7595c372c/numpy-2.5.2-cp314-cp314t-win_arm64.whl", hash = "sha256:eaa088384c46f519dacb93b7ec483a6d6b19a4a2085ae4f25ab9b1c43d387d1e", size = 10750306, upload-time = "2026-08-09T13:47:07.976Z" },
    { url = "https://files.pythonhosted.org/packages/33/c6/28de0191c5f82b7d42a0a51390ba98587048aa93a39fafb05bdbe6e8d00c/numpy-2.5.2-cp315-cp315-macosx_10_15_x86_64.whl", hash = "sha256:078f9b027b478c9379b9677babbf0f8b8f1ecfada27636d7b9a93990c638739f", size = 16885274, upload-time = "2026-08-09T13:47:11.439Z" },
    { url = "https://files.pythonhosted.org/packages/dd/d1/973ca116000d244897e468ea1aff30b589e5022e3c8744b71706fe33bd57/numpy-2.5.2-cp315-cp315-macosx_11_0_arm64.whl", hash = "sha256:50a68f4bacd8a2b33d8da3d2269d0d78500f86ea582e4786dc10f5ef2c2c6842", size = 11907846, upload-time = "2026-08-09T13:47:15.128Z" },
    { url = "https://files.pythonhosted.org/packages/78/d9/8c4b3937ef204cb2fd88d389ccd0f265a2ffb11f35a01d2064cf46714bd6/numpy-2.5.2-cp315-cp315-macosx_14_0_arm64.whl", hash = "sha256:e79aba74ffaf5f78a050d777c184cddf8fdffabab38acf5f3ef1fecbc17895d6", size = 5354892, upload-time = "2026-08-09T13:47:18.07Z" },
    { url = "https://files.pythonhosted.org/packages/74/9b/b6ee65ea2999fdb7023935e108e6fb776ee4082aa15f159acfa857e578c8/numpy-2.5.2-cp315-cp315-macosx_14_0_x86_64.whl", hash = "sha256:9a0731745a72a184490a582fb4af2533512bd071ace67785b5fdffc0ae58dce8", size = 6679309, upload-time = "2026-08-09T13:47:20.456Z" },
    { url = "https://files.pythonhosted.org/packages/43/f3/acb18d8b137a393c8e7803a8c994c9e64bde3930692a69d826993113a159/numpy-2.5.2-cp315-cp315-manylinux_2_27_aarch64.manylinux_2_28_aarch64.whl", hash = "sha256:4ec954036759bcee3aa484f8603bd9c14f3e776293b85578b8734c2d72777c69", size = 15625850, upload-time = "2026-08-09T13:47:24.365Z" },
    { url = "https://files.pythonhosted.org/packages/a9/bf/a8e9bb0db815a0e265b5744ebedd3af0bd5faad8604e5b50a1cd012f3c91/numpy-2.5.2-cp315-cp315-manylinux_2_27_x86_64.manylinux_2_28_x86_64.whl", hash = "sha256:dc649493697006bc90614a5f0bbc8cb3cb1866715c474e473694968d7e6b99ab", size = 16713664, upload-time = "2026-08-09T13:47:27.965Z" },
    { url = "https://files.pythonhosted.org/packages/0c/c3/6e913736b3dd6582344af32418b5fb9dab34282e8a8174ae1d54ceb0fc13/numpy-2.5.2-cp315-cp315-musllinux_1_2_aarch64.whl", hash = "sha256:cf7de32f486e4ac9e2d93b810f9e9ac72a728dd46a32a0bb403222f27f653514", size = 16986749, upload-time = "2026-08-09T13:47:31.541Z" },
    { url = "https://files.pythonhosted.org/packages/80/09/7d3b23eff5c7428ef6c01e6f7052bb60d504c4d33e317b36b8959c24ad97/numpy-2.5.2-cp315-cp315-musllinux_1_2_x86_64.whl", hash = "sha256:2ffa7bacab3e2ee1b19ed31766bb60bb380b68c23f051e199c5cc598afd68710", size = 18470495, upload-time = "2026-08-09T13:47:35.364Z" },
    { url = "https://files.pythonhosted.org/packages/a5/a4/68a321d825374f6eb677ffe8ef8c6b9a328304e6fd2e39d9530822776607/numpy-2.5.2-cp315-cp315-win32.whl", hash = "sha256:6b588cc8f902d6bff201c19fd00c43ab8545671e3554d014e12e14139e5e8617", size = 6120696, upload-time = "2026-08-09T13:47:38.561Z" },
    { url = "https://files.pythonhosted.org/packages/c8/23/deafbb1700f79fae9cd1e91220f133d124cc267de1b584da3fbf6db2f6cd/numpy-2.5.2-cp315-cp315-win_amd64.whl", hash = "sha256:07d4e89f3a9ab0a9ba24264ccdb642b3dd951b2281e8883a5481a4aa79cc31a7", size = 12597324, upload-time = "2026-08-09T13:47:41.401Z" },
    { url = "https://files.pythonhosted.org/packages/33/cd/3272ba105e3bbbdaeb11357eda31e7a6825ffe159e8171665660299a948f/numpy-2.5.2-cp315-cp315-win_arm64.whl", hash = "sha256:a610dc7e3c52edd39c2bc2375ff9c3fd59cb3ad00e4472d36f83bc1457145788", size = 10680466, upload-time = "2026-08-09T13:47:44.873Z" },
    { url = "https://files.pythonhosted.org/packages/0e/0e/58370637b1bb70a5c9ce2b43f4b521ccb224e36ccb76a6596b17ae4b447c/numpy-2.5.2-cp315-cp315t-macosx_10_15_x86_64.whl", hash = "sha256:40f4d451aed46a8046a1aae41c4e55fb3612273df9c502480135e1501576a34b", size = 16993947, upload-time = "2026-08-09T13:47:48.97Z" },
    { url = "https://files.pythonhosted.org/packages/10/93/2abcb807712b289d6d60fe4cf30532f98974a8396d885650f3ba5a13026e/numpy-2.5.2-cp315-cp315t-macosx_11_0_arm64.whl", hash = "sha256:c081cbe16ba1ab53078e5ff29013621e33c509eedab055775d956427712c236e", size = 12025331, upload-time = "2026-08-09T13:47:52.646Z" },
    { url = "https://files.pythonhosted.org/packages/8b/3a/2898e003a5fbaf87e76c039b4ee1f5eb390471b4ffe74887c1f34c4e791e/numpy-2.5.2-cp315-cp315t-macosx_14_0_arm64.whl", hash = "sha256:0090ccdd57ec2703e9b49d0bf554767370581c1dd0a6b2bb2b2d9def317d042a", size = 5472336, upload-time = "2026-08-09T13:47:55.403Z" },
    { url = "https://files.pythonhosted.org/packages/61/a5/23f69d07c544597b29758b31b55c27dc9d541012a2c1496189fef702aec2/numpy-2.5.2-cp315-cp315t-macosx_14_0_x86_64.whl", hash = "sha256:6a9bb119fb8dd21ba30b3f0e555b7e2b081bd9883af21ec9c1c633d161cda3a8", size = 6788387, upload-time = "2026-08-09T13:47:58.192Z" },
    { url = "https://files.pythonhosted.org/packages/15/ea/c0dbdbcf22f43782510a3e492dd3da73c6112b69cac8929d16d127536fc4/numpy-2.5.2-cp315-cp315t-manylinux_2_27_aarch64.manylinux_2_28_aarch64.whl", hash = "sha256:a839318485284a6fb31be4f8f2c91c8f2cb22f4543c4a8903f12b0671ffe07cc", size = 15667096, upload-time = "2026-08-09T13:48:01.562Z" },
    { url = "https://files.pythonhosted.org/packages/fc/5e/29c73c31748cdb0f7566642125ba17fd5b56780cddf891b085dab27e4466/numpy-2.5.2-cp315-cp315t-manylinux_2_27_x86_64.manylinux_2_28_x86_64.whl", hash = "sha256:ba0a474801b8dc67b66bf465548abc90e82b44d2611b5770f33008dcabffe8ec", size = 16751730, upload-time = "2026-08-09T13:48:05.706Z" },
    { url = "https://files.pythonhosted.org/packages/47/95/02501e8454796bb58dadf7a99d3181e0b464bf264e1003039572f9779fac/numpy-2.5.2-cp315-cp315t-musllinux_1_2_aarch64.whl", hash = "sha256:0a4035ae1129ff8777f08bfbd44f1e5d8e9c049ce0c2dd78fc0d92c13e7251c0", size = 17038686, upload-time = "2026-08-09T13:48:09.627Z" },
    { url = "https://files.pythonhosted.org/packages/0e/b5/53a681d91b5c82687067d8ea5035e02d917b5509d6f334cb06484a954714/numpy-2.5.2-cp315-cp315t-musllinux_1_2_x86_64.whl", hash = "sha256:77843ca236b777e67f8d6b3660ea116e499612703a0ecd7093f316201eb9d8e2", size = 18507727, upload-time = "2026-08-09T13:48:13.744Z" },
    { url = "https://files.pythonhosted.org/packages/42/06/6e11443f7b64ee376c860506091103bf68f92d2cab9e8d96d4501babf07c/numpy-2.5.2-cp315-cp315t-win32.whl", hash = "sha256:7354826bc6f8f69402e9b7fe28d15fcd34feebd74f856f111585c5b0c9fb0251", size = 6269775, upload-time = "2026-08-09T13:48:17.543Z" },
    { url = "https://files.pythonhosted.org/packages/f1/18/195d6b86cd72dbbc501edfa778005fa6b87afd34c153e46028cd3a0938f4/numpy-2.5.2-cp315-cp315t-win_amd64.whl", hash = "sha256:e5651f3f87add730ee6608d915009e19c911fba0cb000c7e3ea994b7d768eb12", size = 12782559, upload-time = "2026-08-09T13:48:21.023Z" },
    { url = "https://files.pythonhosted.org/packages/b4/07/458c344f0f0c178f4481dad5cca790626ffe4c34eabf9467069d06ee4999/numpy-2.5.2-cp315-cp315t-win_arm64.whl", hash = "sha256:5f8e00be2ec6f45f4e8a41a527f68d44a7d96fee92a650e4d8b1326f77f61e6e", size = 10748103, upload-time = "2026-08-09T13:48:24.21Z" },
]

[[package]]
name = "pandas"
version = "3.0.0"
source = { registry = "https://pypi.org/simple" }
dependencies = [
    { name = "numpy" },
    { name = "python-dateutil" },
    { name = "tzdata", marker = "sys_platform == 'emscripten' or sys_platform == 'win32'" },
]
sdist = { url = "https://files.pythonhosted.org/packages/de/da/b1dc0481ab8d55d0f46e343cfe67d4551a0e14fcee52bd38ca1bd73258d8/pandas-3.0.0.tar.gz", hash = "sha256:0facf7e87d38f721f0af46fe70d97373a37701b1c09f7ed7aeeb292ade5c050f", size = 4633005, upload-time = "2026-01-21T15:52:04.726Z" }
wheels = [
    { url = "https://files.pythonhosted.org/packages/0b/38/db33686f4b5fa64d7af40d96361f6a4615b8c6c8f1b3d334eee46ae6160e/pandas-3.0.0-cp312-cp312-macosx_10_13_x86_64.whl", hash = "sha256:9803b31f5039b3c3b10cc858c5e40054adb4b29b4d81cb2fd789f4121c8efbcd", size = 10334013, upload-time = "2026-01-21T15:50:34.771Z" },
    { url = "https://files.pythonhosted.org/packages/a5/7b/9254310594e9774906bacdd4e732415e1f86ab7dbb4b377ef9ede58cd8ec/pandas-3.0.0-cp312-cp312-macosx_11_0_arm64.whl", hash = "sha256:14c2a4099cd38a1d18ff108168ea417909b2dea3bd1ebff2ccf28ddb6a74d740", size = 9874154, upload-time = "2026-01-21T15:50:36.67Z" },
    { url = "https://files.pythonhosted.org/packages/63/d4/726c5a67a13bc66643e66d2e9ff115cead482a44fc56991d0c4014f15aaf/pandas-3.0.0-cp312-cp312-manylinux_2_24_aarch64.manylinux_2_28_aarch64.whl", hash = "sha256:d257699b9a9960e6125686098d5714ac59d05222bef7a5e6af7a7fd87c650801", size = 10384433, upload-time = "2026-01-21T15:50:39.132Z" },
    { url = "https://files.pythonhosted.org/packages/bf/2e/9211f09bedb04f9832122942de8b051804b31a39cfbad199a819bb88d9f3/pandas-3.0.0-cp312-cp312-manylinux_2_24_x86_64.manylinux_2_28_x86_64.whl", hash = "sha256:69780c98f286076dcafca38d8b8eee1676adf220199c0a39f0ecbf976b68151a", size = 10864519, upload-time = "2026-01-21T15:50:41.043Z" },
    { url = "https://files.pythonhosted.org/packages/00/8d/50858522cdc46ac88b9afdc3015e298959a70a08cd21e008a44e9520180c/pandas-3.0.0-cp312-cp312-musllinux_1_2_aarch64.whl", hash = "sha256:4a66384f017240f3858a4c8a7cf21b0591c3ac885cddb7758a589f0f71e87ebb", size = 11394124, upload-time = "2026-01-21T15:50:43.377Z" },
    { url = "https://files.pythonhosted.org/packages/86/3f/83b2577db02503cd93d8e95b0f794ad9d4be0ba7cb6c8bcdcac964a34a42/pandas-3.0.0-cp312-cp312-musllinux_1_2_x86_64.whl", hash = "sha256:be8c515c9bc33989d97b89db66ea0cececb0f6e3c2a87fcc8b69443a6923e95f", size = 11920444, upload-time = "2026-01-21T15:50:45.932Z" },
    { url = "https://files.pythonhosted.org/packages/64/2d/4f8a2f192ed12c90a0aab47f5557ece0e56b0370c49de9454a09de7381b2/pandas-3.0.0-cp312-cp312-win_amd64.whl", hash = "sha256:a453aad8c4f4e9f166436994a33884442ea62aa8b27d007311e87521b97246e1", size = 9730970, upload-time = "2026-01-21T15:50:47.962Z" },
    { url = "https://files.pythonhosted.org/packages/d4/64/ff571be435cf1e643ca98d0945d76732c0b4e9c37191a89c8550b105eed1/pandas-3.0.0-cp312-cp312-win_arm64.whl", hash = "sha256:da768007b5a33057f6d9053563d6b74dd6d029c337d93c6d0d22a763a5c2ecc0", size = 9041950, upload-time = "2026-01-21T15:50:50.422Z" },
    { url = "https://files.pythonhosted.org/packages/6f/fa/7f0ac4ca8877c57537aaff2a842f8760e630d8e824b730eb2e859ffe96ca/pandas-3.0.0-cp313-cp313-macosx_10_13_x86_64.whl", hash = "sha256:b78d646249b9a2bc191040988c7bb524c92fa8534fb0898a0741d7e6f2ffafa6", size = 10307129, upload-time = "2026-01-21T15:50:52.877Z" },
    { url = "https://files.pythonhosted.org/packages/6f/11/28a221815dcea4c0c9414dfc845e34a84a6a7dabc6da3194498ed5ba4361/pandas-3.0.0-cp313-cp313-macosx_11_0_arm64.whl", hash = "sha256:bc9cba7b355cb4162442a88ce495e01cb605f17ac1e27d6596ac963504e0305f", size = 9850201, upload-time = "2026-01-21T15:50:54.807Z" },
    { url = "https://files.pythonhosted.org/packages/ba/da/53bbc8c5363b7e5bd10f9ae59ab250fc7a382ea6ba08e4d06d8694370354/pandas-3.0.0-cp313-cp313-manylinux_2_24_aarch64.manylinux_2_28_aarch64.whl", hash = "sha256:3c9a1a149aed3b6c9bf246033ff91e1b02d529546c5d6fb6b74a28fea0cf4c70", size = 10354031, upload-time = "2026-01-21T15:50:57.463Z" },
    { url = "https://files.pythonhosted.org/packages/f7/a3/51e02ebc2a14974170d51e2410dfdab58870ea9bcd37cda15bd553d24dc4/pandas-3.0.0-cp313-cp313-manylinux_2_24_x86_64.manylinux_2_28_x86_64.whl", hash = "sha256:95683af6175d884ee89471842acfca29172a85031fccdabc35e50c0984470a0e", size = 10861165, upload-time = "2026-01-21T15:50:59.32Z" },
    { url = "https://files.pythonhosted.org/packages/a5/fe/05a51e3cac11d161472b8297bd41723ea98013384dd6d76d115ce3482f9b/pandas-3.0.0-cp313-cp313-musllinux_1_2_aarch64.whl", hash = "sha256:1fbbb5a7288719e36b76b4f18d46ede46e7f916b6c8d9915b756b0a6c3f792b3", size = 11359359, upload-time = "2026-01-21T15:51:02.014Z" },
    { url = "https://files.pythonhosted.org/packages/ee/56/ba620583225f9b85a4d3e69c01df3e3870659cc525f67929b60e9f21dcd1/pandas-3.0.0-cp313-cp313-musllinux_1_2_x86_64.whl", hash = "sha256:8e8b9808590fa364416b49b2a35c1f4cf2785a6c156935879e57f826df22038e", size = 11912907, upload-time = "2026-01-21T15:51:05.175Z" },
    { url = "https://files.pythonhosted.org/packages/c9/8c/c6638d9f67e45e07656b3826405c5cc5f57f6fd07c8b2572ade328c86e22/pandas-3.0.0-cp313-cp313-win_amd64.whl", hash = "sha256:98212a38a709feb90ae658cb6227ea3657c22ba8157d4b8f913cd4c950de5e7e", size = 9732138, upload-time = "2026-01-21T15:51:07.569Z" },
    { url = "https://files.pythonhosted.org/packages/7b/bf/bd1335c3bf1770b6d8fed2799993b11c4971af93bb1b729b9ebbc02ca2ec/pandas-3.0.0-cp313-cp313-win_arm64.whl", hash = "sha256:177d9df10b3f43b70307a149d7ec49a1229a653f907aa60a48f1877d0e6be3be", size = 9033568, upload-time = "2026-01-21T15:51:09.484Z" },
    { url = "https://files.pythonhosted.org/packages/8e/c6/f5e2171914d5e29b9171d495344097d54e3ffe41d2d85d8115baba4dc483/pandas-3.0.0-cp313-cp313t-macosx_10_13_x86_64.whl", hash = "sha256:2713810ad3806767b89ad3b7b69ba153e1c6ff6d9c20f9c2140379b2a98b6c98", size = 10741936, upload-time = "2026-01-21T15:51:11.693Z" },
    { url = "https://files.pythonhosted.org/packages/51/88/9a0164f99510a1acb9f548691f022c756c2314aad0d8330a24616c14c462/pandas-3.0.0-cp313-cp313t-macosx_11_0_arm64.whl", hash = "sha256:15d59f885ee5011daf8335dff47dcb8a912a27b4ad7826dc6cbe809fd145d327", size = 10393884, upload-time = "2026-01-21T15:51:14.197Z" },
    { url = "https://files.pythonhosted.org/packages/e0/53/b34d78084d88d8ae2b848591229da8826d1e65aacf00b3abe34023467648/pandas-3.0.0-cp313-cp313t-manylinux_2_24_aarch64.manylinux_2_28_aarch64.whl", hash = "sha256:24e6547fb64d2c92665dd2adbfa4e85fa4fd70a9c070e7cfb03b629a0bbab5eb", size = 10310740, upload-time = "2026-01-21T15:51:16.093Z" },
    { url = "https://files.pythonhosted.org/packages/5b/d3/bee792e7c3d6930b74468d990604325701412e55d7aaf47460a22311d1a5/pandas-3.0.0-cp313-cp313t-manylinux_2_24_x86_64.manylinux_2_28_x86_64.whl", hash = "sha256:48ee04b90e2505c693d3f8e8f524dab8cb8aaf7ddcab52c92afa535e717c4812", size = 10700014, upload-time = "2026-01-21T15:51:18.818Z" },
    { url = "https://files.pythonhosted.org/packages/55/db/2570bc40fb13aaed1cbc3fbd725c3a60ee162477982123c3adc8971e7ac1/pandas-3.0.0-cp313-cp313t-musllinux_1_2_aarch64.whl", hash = "sha256:66f72fb172959af42a459e27a8d8d2c7e311ff4c1f7db6deb3b643dbc382ae08", size = 11323737, upload-time = "2026-01-21T15:51:20.784Z" },
    { url = "https://files.pythonhosted.org/packages/bc/2e/297ac7f21c8181b62a4cccebad0a70caf679adf3ae5e83cb676194c8acc3/pandas-3.0.0-cp313-cp313t-musllinux_1_2_x86_64.whl", hash = "sha256:4a4a400ca18230976724a5066f20878af785f36c6756e498e94c2a5e5d57779c", size = 11771558, upload-time = "2026-01-21T15:51:22.977Z" },
    { url = "https://files.pythonhosted.org/packages/0a/46/e1c6876d71c14332be70239acce9ad435975a80541086e5ffba2f249bcf6/pandas-3.0.0-cp313-cp313t-win_amd64.whl", hash = "sha256:940eebffe55528074341a5a36515f3e4c5e25e958ebbc764c9502cfc35ba3faa", size = 10473771, upload-time = "2026-01-21T15:51:25.285Z" },
    { url = "https://files.pythonhosted.org/packages/c0/db/0270ad9d13c344b7a36fa77f5f8344a46501abf413803e885d22864d10bf/pandas-3.0.0-cp314-cp314-macosx_10_15_x86_64.whl", hash = "sha256:597c08fb9fef0edf1e4fa2f9828dd27f3d78f9b8c9b4a748d435ffc55732310b", size = 10312075, upload-time = "2026-01-21T15:51:28.5Z" },
    { url = "https://files.pythonhosted.org/packages/09/9f/c176f5e9717f7c91becfe0f55a52ae445d3f7326b4a2cf355978c51b7913/pandas-3.0.0-cp314-cp314-macosx_11_0_arm64.whl", hash = "sha256:447b2d68ac5edcbf94655fe909113a6dba6ef09ad7f9f60c80477825b6c489fe", size = 9900213, upload-time = "2026-01-21T15:51:30.955Z" },
    { url = "https://files.pythonhosted.org/packages/d9/e7/63ad4cc10b257b143e0a5ebb04304ad806b4e1a61c5da25f55896d2ca0f4/pandas-3.0.0-cp314-cp314-manylinux_2_24_aarch64.manylinux_2_28_aarch64.whl", hash = "sha256:debb95c77ff3ed3ba0d9aa20c3a2f19165cc7956362f9873fce1ba0a53819d70", size = 10428768, upload-time = "2026-01-21T15:51:33.018Z" },
    { url = "https://files.pythonhosted.org/packages/9e/0e/4e4c2d8210f20149fd2248ef3fff26623604922bd564d915f935a06dd63d/pandas-3.0.0-cp314-cp314-manylinux_2_24_x86_64.manylinux_2_28_x86_64.whl", hash = "sha256:fedabf175e7cd82b69b74c30adbaa616de301291a5231138d7242596fc296a8d", size = 10882954, upload-time = "2026-01-21T15:51:35.287Z" },
    { url = "https://files.pythonhosted.org/packages/c6/60/c9de8ac906ba1f4d2250f8a951abe5135b404227a55858a75ad26f84db47/pandas-3.0.0-cp314-cp314-musllinux_1_2_aarch64.whl", hash = "sha256:412d1a89aab46889f3033a386912efcdfa0f1131c5705ff5b668dda88305e986", size = 11430293, upload-time = "2026-01-21T15:51:37.57Z" },
    { url = "https://files.pythonhosted.org/packages/a1/69/806e6637c70920e5787a6d6896fd707f8134c2c55cd761e7249a97b7dc5a/pandas-3.0.0-cp314-cp314-musllinux_1_2_x86_64.whl", hash = "sha256:e979d22316f9350c516479dd3a92252be2937a9531ed3a26ec324198a99cdd49", size = 11952452, upload-time = "2026-01-21T15:51:39.618Z" },
    { url = "https://files.pythonhosted.org/packages/cb/de/918621e46af55164c400ab0ef389c9d969ab85a43d59ad1207d4ddbe30a5/pandas-3.0.0-cp314-cp314-win_amd64.whl", hash = "sha256:083b11415b9970b6e7888800c43c82e81a06cd6b06755d84804444f0007d6bb7", size = 9851081, upload-time = "2026-01-21T15:51:41.758Z" },
    { url = "https://files.pythonhosted.org/packages/91/a1/3562a18dd0bd8c73344bfa26ff90c53c72f827df119d6d6b1dacc84d13e3/pandas-3.0.0-cp314-cp314-win_arm64.whl", hash = "sha256:5db1e62cb99e739fa78a28047e861b256d17f88463c76b8dafc7c1338086dca8", size = 9174610, upload-time = "2026-01-21T15:51:44.312Z" },
    { url = "https://files.pythonhosted.org/packages/ce/26/430d91257eaf366f1737d7a1c158677caaf6267f338ec74e3a1ec444111c/pandas-3.0.0-cp314-cp314t-macosx_10_15_x86_64.whl", hash = "sha256:697b8f7d346c68274b1b93a170a70974cdc7d7354429894d5927c1effdcccd73", size = 10761999, upload-time = "2026-01-21T15:51:46.899Z" },
    { url = "https://files.pythonhosted.org/packages/ec/1a/954eb47736c2b7f7fe6a9d56b0cb6987773c00faa3c6451a43db4beb3254/pandas-3.0.0-cp314-cp314t-macosx_11_0_arm64.whl", hash = "sha256:8cb3120f0d9467ed95e77f67a75e030b67545bcfa08964e349252d674171def2", size = 10410279, upload-time = "2026-01-21T15:51:48.89Z" },
    { url = "https://files.pythonhosted.org/packages/20/fc/b96f3a5a28b250cd1b366eb0108df2501c0f38314a00847242abab71bb3a/pandas-3.0.0-cp314-cp314t-manylinux_2_24_aarch64.manylinux_2_28_aarch64.whl", hash = "sha256:33fd3e6baa72899746b820c31e4b9688c8e1b7864d7aec2de7ab5035c285277a", size = 10330198, upload-time = "2026-01-21T15:51:51.015Z" },
    { url = "https://files.pythonhosted.org/packages/90/b3/d0e2952f103b4fbef1ef22d0c2e314e74fc9064b51cee30890b5e3286ee6/pandas-3.0.0-cp314-cp314t-manylinux_2_24_x86_64.manylinux_2_28_x86_64.whl", hash = "sha256:a8942e333dc67ceda1095227ad0febb05a3b36535e520154085db632c40ad084", size = 10728513, upload-time = "2026-01-21T15:51:53.387Z" },
    { url = "https://files.pythonhosted.org/packages/76/81/832894f286df828993dc5fd61c63b231b0fb73377e99f6c6c369174cf97e/pandas-3.0.0-cp314-cp314t-musllinux_1_2_aarch64.whl", hash = "sha256:783ac35c4d0fe0effdb0d67161859078618b1b6587a1af15928137525217a721", size = 11345550, upload-time = "2026-01-21T15:51:55.329Z" },
    { url = "https://files.pythonhosted.org/packages/34/a0/ed160a00fb4f37d806406bc0a79a8b62fe67f29d00950f8d16203ff3409b/pandas-3.0.0-cp314-cp314t-musllinux_1_2_x86_64.whl", hash = "sha256:125eb901e233f155b268bbef9abd9afb5819db74f0e677e89a61b246228c71ac", size = 11799386, upload-time = "2026-01-21T15:51:57.457Z" },
    { url = "https://files.pythonhosted.org/packages/36/c8/2ac00d7255252c5e3cf61b35ca92ca25704b0188f7454ca4aec08a33cece/pandas-3.0.0-cp314-cp314t-win_amd64.whl", hash = "sha256:b86d113b6c109df3ce0ad5abbc259fe86a1bd4adfd4a31a89da42f84f65509bb", size = 10873041, upload-time = "2026-01-21T15:52:00.034Z" },
    { url = "https://files.pythonhosted.org/packages/e6/3f/a80ac00acbc6b35166b42850e98a4f466e2c0d9c64054161ba9620f95680/pandas-3.0.0-cp314-cp314t-win_arm64.whl", hash = "sha256:1c39eab3ad38f2d7a249095f0a3d8f8c22cc0f847e98ccf5bbe732b272e2d9fa", size = 9441003, upload-time = "2026-01-21T15:52:02.281Z" },
]

[[package]]
name = "python-dateutil"
version = "2.9.0.post0"
source = { registry = "https://pypi.org/simple" }
dependencies = [
    { name = "six" },
]
sdist = { url = "https://files.pythonhosted.org/packages/66/c0/0c8b6ad9f17a802ee498c46e004a0eb49bc148f2fd230864601a86dcf6db/python-dateutil-2.9.0.post0.tar.gz", hash = "sha256:37dd54208da7e1cd875388217d5e00ebd4179249f90fb72437e91a35459a0ad3", size = 342432, upload-time = "2024-03-01T18:36:20.211Z" }
wheels = [
    { url = "https://files.pythonhosted.org/packages/ec/57/56b9bcc3c9c6a792fcbaf139543cee77261f3651ca9da0c93f5c1221264b/python_dateutil-2.9.0.post0-py2.py3-none-any.whl", hash = "sha256:a8b2bc7bffae282281c8140a97d3aa9c14da0b136dfe83f850eea9a5f7470427", size = 229892, upload-time = "2024-03-01T18:36:18.57Z" },
]

[[package]]
name = "pytz"
version = "2020.1"
source = { registry = "https://pypi.org/simple" }
sdist = { url = "https://files.pythonhosted.org/packages/f4/f6/94fee50f4d54f58637d4b9987a1b862aeb6cd969e73623e02c5c00755577/pytz-2020.1.tar.gz", hash = "sha256:c35965d010ce31b23eeb663ed3cc8c906275d6be1a34393a1d73a41febf4a048", size = 311771, upload-time = "2020-04-28T08:28:24.561Z" }
wheels = [
    { url = "https://files.pythonhosted.org/packages/4f/a4/879454d49688e2fad93e59d7d4efda580b783c745fd2ec2a3adf87b0808d/pytz-2020.1-py2.py3-none-any.whl", hash = "sha256:a494d53b6d39c3c6e44c3bec237336e14305e4f29bbf800b599253057fbb79ed", size = 510223, upload-time = "2020-04-28T08:28:21.201Z" },
]

[[package]]
name = "six"
version = "1.17.0"
source = { registry = "https://pypi.org/simple" }
sdist = { url = "https://files.pythonhosted.org/packages/94/e7/b2c673351809dca68a0e064b6af791aa332cf192da575fd474ed7d6f16a2/six-1.17.0.tar.gz", hash = "sha256:ff70335d468e7eb6ec65b95b99d3a2836546063f63acc5171de367e834932a81", size = 34031, upload-time = "2024-12-04T17:35:28.174Z" }
wheels = [
    { url = "https://files.pythonhosted.org/packages/b7/ce/149a00dd41f10bc29e5921b496af8b574d8413afcd5e30dfa0ed46c2cc5e/six-1.17.0-py2.py3-none-any.whl", hash = "sha256:4721f391ed90541fddacab5acf947aa0d3dc7d27b2e1e8eda2be8970586c3274", size = 11050, upload-time = "2024-12-04T17:35:26.475Z" },
]

[[package]]
name = "tkcalendar"
version = "1.6.1"
source = { registry = "https://pypi.org/simple" }
dependencies = [
    { name = "babel" },
]
sdist = { url = "https://files.pythonhosted.org/packages/65/3d/3406cf7963661ed890082bff17ed4c5e26b5a564306639303d4fbb2a047f/tkcalendar-1.6.1.tar.gz", hash = "sha256:5edf958c0a59429e90309e9b805b2e229192bbcab952460247204d7030eea5cf", size = 32916, upload-time = "2019-12-28T11:20:54.019Z" }
wheels = [
    { url = "https://files.pythonhosted.org/packages/e9/d4/9528ea6ecb5d4394f425df651957da6f6a715b41c5b12d43d41888c14394/tkcalendar-1.6.1-py3-none-any.whl", hash = "sha256:9d3a80816a7b32d64fab696fa3d2a007fb23c87953267d5e343a38ff4cd7c15c", size = 40912, upload-time = "2019-12-28T11:20:48.564Z" },
]

[[package]]
name = "tzdata"
version = "2026.3"
source = { registry = "https://pypi.org/simple" }
sdist = { url = "https://files.pythonhosted.org/packages/92/ff/5a28bdfd8c3ebec42564ac7d0e54ca3db65044a9314a97f9564fa7a1e926/tzdata-2026.3.tar.gz", hash = "sha256:4a1518b8993086a7982523e071643f3c0e5f213e75b21318e78bcabfff9d1415", size = 198674, upload-time = "2026-07-10T08:50:37.887Z" }
wheels = [
    { url = "https://files.pythonhosted.org/packages/e5/6d/b53b99a9f2766d095985947a5782f1702cabb129a34f7a802d7197af832f/tzdata-2026.3-py2.py3-none-any.whl", hash = "sha256:dc096730c87af6cab1b171c9d532be840741ff5d459015e7f6947bd7d7e54931", size = 348168, upload-time = "2026-07-10T08:50:36.46Z" },
]

[[package]]
name = "xlsxwriter"
version = "3.2.0"
source = { registry = "https://pypi.org/simple" }
sdist = { url = "https://files.pythonhosted.org/packages/a6/c3/b36fa44a0610a0f65d2e65ba6a262cbe2554b819f1449731971f7c16ea3c/XlsxWriter-3.2.0.tar.gz", hash = "sha256:9977d0c661a72866a61f9f7a809e25ebbb0fb7036baa3b9fe74afcfca6b3cb8c", size = 198732, upload-time = "2024-02-18T23:11:24.444Z" }
wheels = [
    { url = "https://files.pythonhosted.org/packages/a7/ea/53d1fe468e63e092cf16e2c18d16f50c29851242f9dd12d6a66e0d7f0d02/XlsxWriter-3.2.0-py3-none-any.whl", hash = "sha256:ecfd5405b3e0e228219bcaf24c2ca0915e012ca9464a14048021d21a995d490e", size = 159925, upload-time = "2024-02-18T23:11:21.559Z" },
]
